dependencies:
- name: common
  repository: file://../common
  version: 0.1.0
- name: postgresql
  repository: https://charts.bitnami.com/bitnami
  version: 13.2.25
- name: dind
  repository: file://../dind
  version: 0.1.0
digest: sha256:5568879c49c12ad9463db45ec00f29318479b9f2b5aaf09b3bbe6239a2324c45
generated: "2023-12-29T21:07:28.348039+01:00"
