dependencies:
- name: common
  repository: file://../common
  version: 0.1.0
- name: postgresql
  repository: https://charts.bitnami.com/bitnami
  version: 13.2.25
- name: dind
  repository: file://../dind
  version: 0.1.0
digest: sha256:0114559477d73091c6c99471c273dd45c99f76a4f9567b05f253366bb70f13c5
generated: "2023-12-30T13:03:22.724868+01:00"
