dependencies:
- name: common
  repository: file://../common
  version: 0.3.0
- name: postgresql
  repository: https://charts.bitnami.com/bitnami
  version: 13.2.25
- name: dind
  repository: file://../dind
  version: 0.3.0
digest: sha256:c1c175596c869bf3774e854ff80ffb951f34404ac0d613016dacfa7402c5151a
generated: "2024-01-09T14:49:05.568087-05:00"
