dependencies:
- name: vertex-auth
  repository: file://../vertex-auth
  version: 0.1.0
- name: vertex-logs
  repository: file://../vertex-logs
  version: 0.1.0
- name: vertex-containers
  repository: file://../vertex-containers
  version: 0.1.0
digest: sha256:f466c9d18944d46f40885e6f92d8395055300e9945db876201806a9e8ff6858a
generated: "2023-12-30T12:22:20.882112+01:00"
